
Microsoft Visual Studio Solution File, Format Version 11.00
# Visual Studio 2010
Project("{FAE04EC0-301F-11D3-BF4B-00C04F79EFBC}") = "2048_3d_01", "Assembly-CSharp.csproj", "{E472B362-0C49-7F87-83A7-10963D586D6F}"
EndProject
Global
	GlobalSection(SolutionConfigurationPlatforms) = preSolution
		Debug|Any CPU = Debug|Any CPU
		Release|Any CPU = Release|Any CPU
	EndGlobalSection
	GlobalSection(ProjectConfigurationPlatforms) = postSolution
		{E472B362-0C49-7F87-83A7-10963D586D6F}.Debug|Any CPU.ActiveCfg = Debug|Any CPU
		{E472B362-0C49-7F87-83A7-10963D586D6F}.Debug|Any CPU.Build.0 = Debug|Any CPU
		{E472B362-0C49-7F87-83A7-10963D586D6F}.Release|Any CPU.ActiveCfg = Release|Any CPU
		{E472B362-0C49-7F87-83A7-10963D586D6F}.Release|Any CPU.Build.0 = Release|Any CPU
	EndGlobalSection
	GlobalSection(SolutionProperties) = preSolution
		HideSolutionNode = FALSE
	EndGlobalSection
	GlobalSection(MonoDevelopProperties) = preSolution
		StartupItem = Assembly-CSharp.csproj
	EndGlobalSection
EndGlobal
